// !$*UTF8*$!
{
	archiveVersion = 1;
	classes = {
	};
	objectVersion = 77;
	objects = {

/* Begin PBXBuildFile section */
		9268EF4D2CF925EE00C5E209 /* SuperheroViewModel.swift in Sources */ = {isa = PBXBuildFile; fileRef = 9268EF4C2CF924F900C5E209 /* SuperheroViewModel.swift */; };
		9268EF4E2CF9262B00C5E209 /* Superhero.swift in Sources */ = {isa = PBXBuildFile; fileRef = 9268EF4A2CF8E4A200C5E209 /* Superhero.swift */; };
		9268EF4F2CF9264100C5E209 /* NetworkingManager.swift in Sources */ = {isa = PBXBuildFile; fileRef = 9268EF492CF8E2E300C5E209 /* NetworkingManager.swift */; };
		9268EF612CF92CA300C5E209 /* Alamofire in Frameworks */ = {isa = PBXBuildFile; productRef = 9268EF602CF92CA300C5E209 /* Alamofire */; };
		9268EF632CF92CA300C5E209 /* AlamofireDynamic in Frameworks */ = {isa = PBXBuildFile; productRef = 9268EF622CF92CA300C5E209 /* AlamofireDynamic */; };
		9268EF662CF92CD700C5E209 /* Kingfisher in Frameworks */ = {isa = PBXBuildFile; productRef = 9268EF652CF92CD700C5E209 /* Kingfisher */; };
		9268EF692CF930F100C5E209 /* AlamofireDynamic in Embed Frameworks */ = {isa = PBXBuildFile; productRef = 9268EF622CF92CA300C5E209 /* AlamofireDynamic */; settings = {ATTRIBUTES = (CodeSignOnCopy, ); }; };
		9268EF6B2CF9318100C5E209 /* Kingfisher in Frameworks */ = {isa = PBXBuildFile; productRef = 9268EF6A2CF9318100C5E209 /* Kingfisher */; };
		9268EF6D2CF9319700C5E209 /* Kingfisher in Frameworks */ = {isa = PBXBuildFile; productRef = 9268EF6C2CF9319700C5E209 /* Kingfisher */; };
		9268EF6F2CF931A400C5E209 /* Alamofire in Frameworks */ = {isa = PBXBuildFile; productRef = 9268EF6E2CF931A400C5E209 /* Alamofire */; };
		9268EF712CF931B000C5E209 /* Alamofire in Frameworks */ = {isa = PBXBuildFile; productRef = 9268EF702CF931B000C5E209 /* Alamofire */; };
		9268EF732CF931BE00C5E209 /* AlamofireDynamic in Frameworks */ = {isa = PBXBuildFile; productRef = 9268EF722CF931BE00C5E209 /* AlamofireDynamic */; };
		9268EF752CF931D100C5E209 /* AlamofireDynamic in Frameworks */ = {isa = PBXBuildFile; productRef = 9268EF742CF931D100C5E209 /* AlamofireDynamic */; };
/* End PBXBuildFile section */

/* Begin PBXContainerItemProxy section */
		9268EF282CF8E07200C5E209 /* PBXContainerItemProxy */ = {
			isa = PBXContainerItemProxy;
			containerPortal = 9268EF0F2CF8E07000C5E209 /* Project object */;
			proxyType = 1;
			remoteGlobalIDString = 9268EF162CF8E07000C5E209;
			remoteInfo = SuperheroRandomizer;
		};
		9268EF322CF8E07200C5E209 /* PBXContainerItemProxy */ = {
			isa = PBXContainerItemProxy;
			containerPortal = 9268EF0F2CF8E07000C5E209 /* Project object */;
			proxyType = 1;
			remoteGlobalIDString = 9268EF162CF8E07000C5E209;
			remoteInfo = SuperheroRandomizer;
		};
/* End PBXContainerItemProxy section */

/* Begin PBXCopyFilesBuildPhase section */
		9268EF682CF930C800C5E209 /* Embed Frameworks */ = {
			isa = PBXCopyFilesBuildPhase;
			buildActionMask = 2147483647;
			dstPath = "";
			dstSubfolderSpec = 10;
			files = (
				9268EF692CF930F100C5E209 /* AlamofireDynamic in Embed Frameworks */,
			);
			name = "Embed Frameworks";
			runOnlyForDeploymentPostprocessing = 0;
		};
/* End PBXCopyFilesBuildPhase section */

/* Begin PBXFileReference section */
		9268EF172CF8E07000C5E209 /* SuperheroRandomizer.app */ = {isa = PBXFileReference; explicitFileType = wrapper.application; includeInIndex = 0; path = SuperheroRandomizer.app; sourceTree = BUILT_PRODUCTS_DIR; };
		9268EF272CF8E07200C5E209 /* SuperheroRandomizerTests.xctest */ = {isa = PBXFileReference; explicitFileType = wrapper.cfbundle; includeInIndex = 0; path = SuperheroRandomizerTests.xctest; sourceTree = BUILT_PRODUCTS_DIR; };
		9268EF312CF8E07200C5E209 /* SuperheroRandomizerUITests.xctest */ = {isa = PBXFileReference; explicitFileType = wrapper.cfbundle; includeInIndex = 0; path = SuperheroRandomizerUITests.xctest; sourceTree = BUILT_PRODUCTS_DIR; };
		9268EF482CF8E2C500C5E209 /* SuperheroViewController.swift */ = {isa = PBXFileReference; lastKnownFileType = sourcecode.swift; path = SuperheroViewController.swift; sourceTree = "<group>"; };
		9268EF492CF8E2E300C5E209 /* NetworkingManager.swift */ = {isa = PBXFileReference; lastKnownFileType = sourcecode.swift; path = NetworkingManager.swift; sourceTree = "<group>"; };
		9268EF4A2CF8E4A200C5E209 /* Superhero.swift */ = {isa = PBXFileReference; lastKnownFileType = sourcecode.swift; path = Superhero.swift; sourceTree = "<group>"; };
		9268EF4C2CF924F900C5E209 /* SuperheroViewModel.swift */ = {isa = PBXFileReference; lastKnownFileType = sourcecode.swift; path = SuperheroViewModel.swift; sourceTree = "<group>"; };
/* End PBXFileReference section */

/* Begin PBXFileSystemSynchronizedRootGroup section */
		9268EF192CF8E07000C5E209 /* SuperheroRandomizer */ = {
			isa = PBXFileSystemSynchronizedRootGroup;
			path = SuperheroRandomizer;
			sourceTree = "<group>";
		};
		9268EF2A2CF8E07200C5E209 /* SuperheroRandomizerTests */ = {
			isa = PBXFileSystemSynchronizedRootGroup;
			path = SuperheroRandomizerTests;
			sourceTree = "<group>";
		};
		9268EF342CF8E07200C5E209 /* SuperheroRandomizerUITests */ = {
			isa = PBXFileSystemSynchronizedRootGroup;
			path = SuperheroRandomizerUITests;
			sourceTree = "<group>";
		};
/* End PBXFileSystemSynchronizedRootGroup section */

/* Begin PBXFrameworksBuildPhase section */
		9268EF142CF8E07000C5E209 /* Frameworks */ = {
			isa = PBXFrameworksBuildPhase;
			buildActionMask = 2147483647;
			files = (
				9268EF662CF92CD700C5E209 /* Kingfisher in Frameworks */,
				9268EF612CF92CA300C5E209 /* Alamofire in Frameworks */,
				9268EF632CF92CA300C5E209 /* AlamofireDynamic in Frameworks */,
			);
			runOnlyForDeploymentPostprocessing = 0;
		};
		9268EF242CF8E07200C5E209 /* Frameworks */ = {
			isa = PBXFrameworksBuildPhase;
			buildActionMask = 2147483647;
			files = (
				9268EF6B2CF9318100C5E209 /* Kingfisher in Frameworks */,
				9268EF732CF931BE00C5E209 /* AlamofireDynamic in Frameworks */,
				9268EF6F2CF931A400C5E209 /* Alamofire in Frameworks */,
			);
			runOnlyForDeploymentPostprocessing = 0;
		};
		9268EF2E2CF8E07200C5E209 /* Frameworks */ = {
			isa = PBXFrameworksBuildPhase;
			buildActionMask = 2147483647;
			files = (
				9268EF6D2CF9319700C5E209 /* Kingfisher in Frameworks */,
				9268EF752CF931D100C5E209 /* AlamofireDynamic in Frameworks */,
				9268EF712CF931B000C5E209 /* Alamofire in Frameworks */,
			);
			runOnlyForDeploymentPostprocessing = 0;
		};
/* End PBXFrameworksBuildPhase section */

/* Begin PBXGroup section */
		9268EF0E2CF8E07000C5E209 = {
			isa = PBXGroup;
			children = (
				9268EF4B2CF924D800C5E209 /* ViewModel */,
				9268EF472CF8E27600C5E209 /* ViewControllers */,
				9268EF452CF8E25300C5E209 /* Models */,
				9268EF442CF8E24900C5E209 /* Networking */,
				9268EF192CF8E07000C5E209 /* SuperheroRandomizer */,
				9268EF2A2CF8E07200C5E209 /* SuperheroRandomizerTests */,
				9268EF342CF8E07200C5E209 /* SuperheroRandomizerUITests */,
				9268EF182CF8E07000C5E209 /* Products */,
			);
			sourceTree = "<group>";
		};
		9268EF182CF8E07000C5E209 /* Products */ = {
			isa = PBXGroup;
			children = (
				9268EF172CF8E07000C5E209 /* SuperheroRandomizer.app */,
				9268EF272CF8E07200C5E209 /* SuperheroRandomizerTests.xctest */,
				9268EF312CF8E07200C5E209 /* SuperheroRandomizerUITests.xctest */,
			);
			name = Products;
			sourceTree = "<group>";
		};
		9268EF442CF8E24900C5E209 /* Networking */ = {
			isa = PBXGroup;
			children = (
				9268EF492CF8E2E300C5E209 /* NetworkingManager.swift */,
			);
			path = Networking;
			sourceTree = "<group>";
		};
		9268EF452CF8E25300C5E209 /* Models */ = {
			isa = PBXGroup;
			children = (
				9268EF4A2CF8E4A200C5E209 /* Superhero.swift */,
			);
			path = Models;
			sourceTree = "<group>";
		};
		9268EF472CF8E27600C5E209 /* ViewControllers */ = {
			isa = PBXGroup;
			children = (
				9268EF482CF8E2C500C5E209 /* SuperheroViewController.swift */,
			);
			path = ViewControllers;
			sourceTree = "<group>";
		};
		9268EF4B2CF924D800C5E209 /* ViewModel */ = {
			isa = PBXGroup;
			children = (
				9268EF4C2CF924F900C5E209 /* SuperheroViewModel.swift */,
			);
			path = ViewModel;
			sourceTree = "<group>";
		};
/* End PBXGroup section */

/* Begin PBXNativeTarget section */
		9268EF162CF8E07000C5E209 /* SuperheroRandomizer */ = {
			isa = PBXNativeTarget;
			buildConfigurationList = 9268EF3B2CF8E07200C5E209 /* Build configuration list for PBXNativeTarget "SuperheroRandomizer" */;
			buildPhases = (
				9268EF132CF8E07000C5E209 /* Sources */,
				9268EF142CF8E07000C5E209 /* Frameworks */,
				9268EF152CF8E07000C5E209 /* Resources */,
				9268EF682CF930C800C5E209 /* Embed Frameworks */,
			);
			buildRules = (
			);
			dependencies = (
			);
			fileSystemSynchronizedGroups = (
				9268EF192CF8E07000C5E209 /* SuperheroRandomizer */,
			);
			name = SuperheroRandomizer;
			packageProductDependencies = (
				9268EF602CF92CA300C5E209 /* Alamofire */,
				9268EF622CF92CA300C5E209 /* AlamofireDynamic */,
				9268EF652CF92CD700C5E209 /* Kingfisher */,
			);
			productName = SuperheroRandomizer;
			productReference = 9268EF172CF8E07000C5E209 /* SuperheroRandomizer.app */;
			productType = "com.apple.product-type.application";
		};
		9268EF262CF8E07200C5E209 /* SuperheroRandomizerTests */ = {
			isa = PBXNativeTarget;
			buildConfigurationList = 9268EF3E2CF8E07200C5E209 /* Build configuration list for PBXNativeTarget "SuperheroRandomizerTests" */;
			buildPhases = (
				9268EF232CF8E07200C5E209 /* Sources */,
				9268EF242CF8E07200C5E209 /* Frameworks */,
				9268EF252CF8E07200C5E209 /* Resources */,
			);
			buildRules = (
			);
			dependencies = (
				9268EF292CF8E07200C5E209 /* PBXTargetDependency */,
			);
			fileSystemSynchronizedGroups = (
				9268EF2A2CF8E07200C5E209 /* SuperheroRandomizerTests */,
			);
			name = SuperheroRandomizerTests;
			packageProductDependencies = (
				9268EF6A2CF9318100C5E209 /* Kingfisher */,
				9268EF6E2CF931A400C5E209 /* Alamofire */,
				9268EF722CF931BE00C5E209 /* AlamofireDynamic */,
			);
			productName = SuperheroRandomizerTests;
			productReference = 9268EF272CF8E07200C5E209 /* SuperheroRandomizerTests.xctest */;
			productType = "com.apple.product-type.bundle.unit-test";
		};
		9268EF302CF8E07200C5E209 /* SuperheroRandomizerUITests */ = {
			isa = PBXNativeTarget;
			buildConfigurationList = 9268EF412CF8E07200C5E209 /* Build configuration list for PBXNativeTarget "SuperheroRandomizerUITests" */;
			buildPhases = (
				9268EF2D2CF8E07200C5E209 /* Sources */,
				9268EF2E2CF8E07200C5E209 /* Frameworks */,
				9268EF2F2CF8E07200C5E209 /* Resources */,
			);
			buildRules = (
			);
			dependencies = (
				9268EF332CF8E07200C5E209 /* PBXTargetDependency */,
			);
			fileSystemSynchronizedGroups = (
				9268EF342CF8E07200C5E209 /* SuperheroRandomizerUITests */,
			);
			name = SuperheroRandomizerUITests;
			packageProductDependencies = (
				9268EF6C2CF9319700C5E209 /* Kingfisher */,
				9268EF702CF931B000C5E209 /* Alamofire */,
				9268EF742CF931D100C5E209 /* AlamofireDynamic */,
			);
			productName = SuperheroRandomizerUITests;
			productReference = 9268EF312CF8E07200C5E209 /* SuperheroRandomizerUITests.xctest */;
			productType = "com.apple.product-type.bundle.ui-testing";
		};
/* End PBXNativeTarget section */

/* Begin PBXProject section */
		9268EF0F2CF8E07000C5E209 /* Project object */ = {
			isa = PBXProject;
			attributes = {
				BuildIndependentTargetsInParallel = 1;
				LastSwiftUpdateCheck = 1610;
				LastUpgradeCheck = 1610;
				TargetAttributes = {
					9268EF162CF8E07000C5E209 = {
						CreatedOnToolsVersion = 16.1;
					};
					9268EF262CF8E07200C5E209 = {
						CreatedOnToolsVersion = 16.1;
						TestTargetID = 9268EF162CF8E07000C5E209;
					};
					9268EF302CF8E07200C5E209 = {
						CreatedOnToolsVersion = 16.1;
						TestTargetID = 9268EF162CF8E07000C5E209;
					};
				};
			};
			buildConfigurationList = 9268EF122CF8E07000C5E209 /* Build configuration list for PBXProject "SuperheroRandomizer" */;
			developmentRegion = en;
			hasScannedForEncodings = 0;
			knownRegions = (
				en,
				Base,
			);
			mainGroup = 9268EF0E2CF8E07000C5E209;
			minimizedProjectReferenceProxies = 1;
			packageReferences = (
				9268EF5F2CF92CA300C5E209 /* XCRemoteSwiftPackageReference "Alamofire" */,
				9268EF642CF92CD700C5E209 /* XCRemoteSwiftPackageReference "Kingfisher" */,
			);
			preferredProjectObjectVersion = 77;
			productRefGroup = 9268EF182CF8E07000C5E209 /* Products */;
			projectDirPath = "";
			projectRoot = "";
			targets = (
				9268EF162CF8E07000C5E209 /* SuperheroRandomizer */,
				9268EF262CF8E07200C5E209 /* SuperheroRandomizerTests */,
				9268EF302CF8E07200C5E209 /* SuperheroRandomizerUITests */,
			);
		};
/* End PBXProject section */

/* Begin PBXResourcesBuildPhase section */
		9268EF152CF8E07000C5E209 /* Resources */ = {
			isa = PBXResourcesBuildPhase;
			buildActionMask = 2147483647;
			files = (
			);
			runOnlyForDeploymentPostprocessing = 0;
		};
		9268EF252CF8E07200C5E209 /* Resources */ = {
			isa = PBXResourcesBuildPhase;
			buildActionMask = 2147483647;
			files = (
			);
			runOnlyForDeploymentPostprocessing = 0;
		};
		9268EF2F2CF8E07200C5E209 /* Resources */ = {
			isa = PBXResourcesBuildPhase;
			buildActionMask = 2147483647;
			files = (
			);
			runOnlyForDeploymentPostprocessing = 0;
		};
/* End PBXResourcesBuildPhase section */

/* Begin PBXSourcesBuildPhase section */
		9268EF132CF8E07000C5E209 /* Sources */ = {
			isa = PBXSourcesBuildPhase;
			buildActionMask = 2147483647;
			files = (
				9268EF4D2CF925EE00C5E209 /* SuperheroViewModel.swift in Sources */,
				9268EF4F2CF9264100C5E209 /* NetworkingManager.swift in Sources */,
				9268EF4E2CF9262B00C5E209 /* Superhero.swift in Sources */,
			);
			runOnlyForDeploymentPostprocessing = 0;
		};
		9268EF232CF8E07200C5E209 /* Sources */ = {
			isa = PBXSourcesBuildPhase;
			buildActionMask = 2147483647;
			files = (
			);
			runOnlyForDeploymentPostprocessing = 0;
		};
		9268EF2D2CF8E07200C5E209 /* Sources */ = {
			isa = PBXSourcesBuildPhase;
			buildActionMask = 2147483647;
			files = (
			);
			runOnlyForDeploymentPostprocessing = 0;
		};
/* End PBXSourcesBuildPhase section */

/* Begin PBXTargetDependency section */
		9268EF292CF8E07200C5E209 /* PBXTargetDependency */ = {
			isa = PBXTargetDependency;
			target = 9268EF162CF8E07000C5E209 /* SuperheroRandomizer */;
			targetProxy = 9268EF282CF8E07200C5E209 /* PBXContainerItemProxy */;
		};
		9268EF332CF8E07200C5E209 /* PBXTargetDependency */ = {
			isa = PBXTargetDependency;
			target = 9268EF162CF8E07000C5E209 /* SuperheroRandomizer */;
			targetProxy = 9268EF322CF8E07200C5E209 /* PBXContainerItemProxy */;
		};
/* End PBXTargetDependency section */

/* Begin XCBuildConfiguration section */
		9268EF392CF8E07200C5E209 /* Debug */ = {
			isa = XCBuildConfiguration;
			buildSettings = {
				ALWAYS_SEARCH_USER_PATHS = NO;
				ASSETCATALOG_COMPILER_GENERATE_SWIFT_ASSET_SYMBOL_EXTENSIONS = YES;
				CLANG_ANALYZER_NONNULL = YES;
				CLANG_ANALYZER_NUMBER_OBJECT_CONVERSION = YES_AGGRESSIVE;
				CLANG_CXX_LANGUAGE_STANDARD = "gnu++20";
				CLANG_ENABLE_MODULES = YES;
				CLANG_ENABLE_OBJC_ARC = YES;
				CLANG_ENABLE_OBJC_WEAK = YES;
				CLANG_WARN_BLOCK_CAPTURE_AUTORELEASING = YES;
				CLANG_WARN_BOOL_CONVERSION = YES;
				CLANG_WARN_COMMA = YES;
				CLANG_WARN_CONSTANT_CONVERSION = YES;
				CLANG_WARN_DEPRECATED_OBJC_IMPLEMENTATIONS = YES;
				CLANG_WARN_DIRECT_OBJC_ISA_USAGE = YES_ERROR;
				CLANG_WARN_DOCUMENTATION_COMMENTS = YES;
				CLANG_WARN_EMPTY_BODY = YES;
				CLANG_WARN_ENUM_CONVERSION = YES;
				CLANG_WARN_INFINITE_RECURSION = YES;
				CLANG_WARN_INT_CONVERSION = YES;
				CLANG_WARN_NON_LITERAL_NULL_CONVERSION = YES;
				CLANG_WARN_OBJC_IMPLICIT_RETAIN_SELF = YES;
				CLANG_WARN_OBJC_LITERAL_CONVERSION = YES;
				CLANG_WARN_OBJC_ROOT_CLASS = YES_ERROR;
				CLANG_WARN_QUOTED_INCLUDE_IN_FRAMEWORK_HEADER = YES;
				CLANG_WARN_RANGE_LOOP_ANALYSIS = YES;
				CLANG_WARN_STRICT_PROTOTYPES = YES;
				CLANG_WARN_SUSPICIOUS_MOVE = YES;
				CLANG_WARN_UNGUARDED_AVAILABILITY = YES_AGGRESSIVE;
				CLANG_WARN_UNREACHABLE_CODE = YES;
				CLANG_WARN__DUPLICATE_METHOD_MATCH = YES;
				COPY_PHASE_STRIP = NO;
				DEBUG_INFORMATION_FORMAT = dwarf;
				ENABLE_STRICT_OBJC_MSGSEND = YES;
				ENABLE_TESTABILITY = YES;
				ENABLE_USER_SCRIPT_SANDBOXING = YES;
				GCC_C_LANGUAGE_STANDARD = gnu17;
				GCC_DYNAMIC_NO_PIC = NO;
				GCC_NO_COMMON_BLOCKS = YES;
				GCC_OPTIMIZATION_LEVEL = 0;
				GCC_PREPROCESSOR_DEFINITIONS = (
					"DEBUG=1",
					"$(inherited)",
				);
				GCC_WARN_64_TO_32_BIT_CONVERSION = YES;
				GCC_WARN_ABOUT_RETURN_TYPE = YES_ERROR;
				GCC_WARN_UNDECLARED_SELECTOR = YES;
				GCC_WARN_UNINITIALIZED_AUTOS = YES_AGGRESSIVE;
				GCC_WARN_UNUSED_FUNCTION = YES;
				GCC_WARN_UNUSED_VARIABLE = YES;
				IPHONEOS_DEPLOYMENT_TARGET = 18.1;
				LOCALIZATION_PREFERS_STRING_CATALOGS = YES;
				MTL_ENABLE_DEBUG_INFO = INCLUDE_SOURCE;
				MTL_FAST_MATH = YES;
				ONLY_ACTIVE_ARCH = YES;
				SDKROOT = iphoneos;
				SWIFT_ACTIVE_COMPILATION_CONDITIONS = "DEBUG $(inherited)";
				SWIFT_OPTIMIZATION_LEVEL = "-Onone";
			};
			name = Debug;
		};
		9268EF3A2CF8E07200C5E209 /* Release */ = {
			isa = XCBuildConfiguration;
			buildSettings = {
				ALWAYS_SEARCH_USER_PATHS = NO;
				ASSETCATALOG_COMPILER_GENERATE_SWIFT_ASSET_SYMBOL_EXTENSIONS = YES;
				CLANG_ANALYZER_NONNULL = YES;
				CLANG_ANALYZER_NUMBER_OBJECT_CONVERSION = YES_AGGRESSIVE;
				CLANG_CXX_LANGUAGE_STANDARD = "gnu++20";
				CLANG_ENABLE_MODULES = YES;
				CLANG_ENABLE_OBJC_ARC = YES;
				CLANG_ENABLE_OBJC_WEAK = YES;
				CLANG_WARN_BLOCK_CAPTURE_AUTORELEASING = YES;
				CLANG_WARN_BOOL_CONVERSION = YES;
				CLANG_WARN_COMMA = YES;
				CLANG_WARN_CONSTANT_CONVERSION = YES;
				CLANG_WARN_DEPRECATED_OBJC_IMPLEMENTATIONS = YES;
				CLANG_WARN_DIRECT_OBJC_ISA_USAGE = YES_ERROR;
				CLANG_WARN_DOCUMENTATION_COMMENTS = YES;
				CLANG_WARN_EMPTY_BODY = YES;
				CLANG_WARN_ENUM_CONVERSION = YES;
				CLANG_WARN_INFINITE_RECURSION = YES;
				CLANG_WARN_INT_CONVERSION = YES;
				CLANG_WARN_NON_LITERAL_NULL_CONVERSION = YES;
				CLANG_WARN_OBJC_IMPLICIT_RETAIN_SELF = YES;
				CLANG_WARN_OBJC_LITERAL_CONVERSION = YES;
				CLANG_WARN_OBJC_ROOT_CLASS = YES_ERROR;
				CLANG_WARN_QUOTED_INCLUDE_IN_FRAMEWORK_HEADER = YES;
				CLANG_WARN_RANGE_LOOP_ANALYSIS = YES;
				CLANG_WARN_STRICT_PROTOTYPES = YES;
				CLANG_WARN_SUSPICIOUS_MOVE = YES;
				CLANG_WARN_UNGUARDED_AVAILABILITY = YES_AGGRESSIVE;
				CLANG_WARN_UNREACHABLE_CODE = YES;
				CLANG_WARN__DUPLICATE_METHOD_MATCH = YES;
				COPY_PHASE_STRIP = NO;
				DEBUG_INFORMATION_FORMAT = "dwarf-with-dsym";
				ENABLE_NS_ASSERTIONS = NO;
				ENABLE_STRICT_OBJC_MSGSEND = YES;
				ENABLE_USER_SCRIPT_SANDBOXING = YES;
				GCC_C_LANGUAGE_STANDARD = gnu17;
				GCC_NO_COMMON_BLOCKS = YES;
				GCC_WARN_64_TO_32_BIT_CONVERSION = YES;
				GCC_WARN_ABOUT_RETURN_TYPE = YES_ERROR;
				GCC_WARN_UNDECLARED_SELECTOR = YES;
				GCC_WARN_UNINITIALIZED_AUTOS = YES_AGGRESSIVE;
				GCC_WARN_UNUSED_FUNCTION = YES;
				GCC_WARN_UNUSED_VARIABLE = YES;
				IPHONEOS_DEPLOYMENT_TARGET = 18.1;
				LOCALIZATION_PREFERS_STRING_CATALOGS = YES;
				MTL_ENABLE_DEBUG_INFO = NO;
				MTL_FAST_MATH = YES;
				SDKROOT = iphoneos;
				SWIFT_COMPILATION_MODE = wholemodule;
				VALIDATE_PRODUCT = YES;
			};
			name = Release;
		};
		9268EF3C2CF8E07200C5E209 /* Debug */ = {
			isa = XCBuildConfiguration;
			buildSettings = {
				ASSETCATALOG_COMPILER_APPICON_NAME = AppIcon;
				ASSETCATALOG_COMPILER_GLOBAL_ACCENT_COLOR_NAME = AccentColor;
				CODE_SIGN_STYLE = Automatic;
				CURRENT_PROJECT_VERSION = 1;
				DEVELOPMENT_ASSET_PATHS = "\"SuperheroRandomizer/Preview Content\"";
				ENABLE_PREVIEWS = YES;
				GENERATE_INFOPLIST_FILE = YES;
				INFOPLIST_KEY_UIApplicationSceneManifest_Generation = YES;
				INFOPLIST_KEY_UIApplicationSupportsIndirectInputEvents = YES;
				INFOPLIST_KEY_UILaunchScreen_Generation = YES;
				INFOPLIST_KEY_UISupportedInterfaceOrientations_iPad = "UIInterfaceOrientationPortrait UIInterfaceOrientationPortraitUpsideDown UIInterfaceOrientationLandscapeLeft UIInterfaceOrientationLandscapeRight";
				INFOPLIST_KEY_UISupportedInterfaceOrientations_iPhone = "UIInterfaceOrientationPortrait UIInterfaceOrientationLandscapeLeft UIInterfaceOrientationLandscapeRight";
				LD_RUNPATH_SEARCH_PATHS = (
					"$(inherited)",
					"@executable_path/Frameworks",
				);
				MARKETING_VERSION = 1.0;
				PRODUCT_BUNDLE_IDENTIFIER = adiyetyer.SuperheroRandomizer;
				PRODUCT_NAME = "$(TARGET_NAME)";
				SWIFT_EMIT_LOC_STRINGS = YES;
				SWIFT_VERSION = 5.0;
				TARGETED_DEVICE_FAMILY = "1,2";
			};
			name = Debug;
		};
		9268EF3D2CF8E07200C5E209 /* Release */ = {
			isa = XCBuildConfiguration;
			buildSettings = {
				ASSETCATALOG_COMPILER_APPICON_NAME = AppIcon;
				ASSETCATALOG_COMPILER_GLOBAL_ACCENT_COLOR_NAME = AccentColor;
				CODE_SIGN_STYLE = Automatic;
				CURRENT_PROJECT_VERSION = 1;
				DEVELOPMENT_ASSET_PATHS = "\"SuperheroRandomizer/Preview Content\"";
				ENABLE_PREVIEWS = YES;
				GENERATE_INFOPLIST_FILE = YES;
				INFOPLIST_KEY_UIApplicationSceneManifest_Generation = YES;
				INFOPLIST_KEY_UIApplicationSupportsIndirectInputEvents = YES;
				INFOPLIST_KEY_UILaunchScreen_Generation = YES;
				INFOPLIST_KEY_UISupportedInterfaceOrientations_iPad = "UIInterfaceOrientationPortrait UIInterfaceOrientationPortraitUpsideDown UIInterfaceOrientationLandscapeLeft UIInterfaceOrientationLandscapeRight";
				INFOPLIST_KEY_UISupportedInterfaceOrientations_iPhone = "UIInterfaceOrientationPortrait UIInterfaceOrientationLandscapeLeft UIInterfaceOrientationLandscapeRight";
				LD_RUNPATH_SEARCH_PATHS = (
					"$(inherited)",
					"@executable_path/Frameworks",
				);
				MARKETING_VERSION = 1.0;
				PRODUCT_BUNDLE_IDENTIFIER = adiyetyer.SuperheroRandomizer;
				PRODUCT_NAME = "$(TARGET_NAME)";
				SWIFT_EMIT_LOC_STRINGS = YES;
				SWIFT_VERSION = 5.0;
				TARGETED_DEVICE_FAMILY = "1,2";
			};
			name = Release;
		};
		9268EF3F2CF8E07200C5E209 /* Debug */ = {
			isa = XCBuildConfiguration;
			buildSettings = {
				BUNDLE_LOADER = "$(TEST_HOST)";
				CODE_SIGN_STYLE = Automatic;
				CURRENT_PROJECT_VERSION = 1;
				GENERATE_INFOPLIST_FILE = YES;
				IPHONEOS_DEPLOYMENT_TARGET = 18.1;
				MARKETING_VERSION = 1.0;
				PRODUCT_BUNDLE_IDENTIFIER = adiyetyer.SuperheroRandomizerTests;
				PRODUCT_NAME = "$(TARGET_NAME)";
				SWIFT_EMIT_LOC_STRINGS = NO;
				SWIFT_VERSION = 5.0;
				TARGETED_DEVICE_FAMILY = "1,2";
				TEST_HOST = "$(BUILT_PRODUCTS_DIR)/SuperheroRandomizer.app/$(BUNDLE_EXECUTABLE_FOLDER_PATH)/SuperheroRandomizer";
			};
			name = Debug;
		};
		9268EF402CF8E07200C5E209 /* Release */ = {
			isa = XCBuildConfiguration;
			buildSettings = {
				BUNDLE_LOADER = "$(TEST_HOST)";
				CODE_SIGN_STYLE = Automatic;
				CURRENT_PROJECT_VERSION = 1;
				GENERATE_INFOPLIST_FILE = YES;
				IPHONEOS_DEPLOYMENT_TARGET = 18.1;
				MARKETING_VERSION = 1.0;
				PRODUCT_BUNDLE_IDENTIFIER = adiyetyer.SuperheroRandomizerTests;
				PRODUCT_NAME = "$(TARGET_NAME)";
				SWIFT_EMIT_LOC_STRINGS = NO;
				SWIFT_VERSION = 5.0;
				TARGETED_DEVICE_FAMILY = "1,2";
				TEST_HOST = "$(BUILT_PRODUCTS_DIR)/SuperheroRandomizer.app/$(BUNDLE_EXECUTABLE_FOLDER_PATH)/SuperheroRandomizer";
			};
			name = Release;
		};
		9268EF422CF8E07200C5E209 /* Debug */ = {
			isa = XCBuildConfiguration;
			buildSettings = {
				CODE_SIGN_STYLE = Automatic;
				CURRENT_PROJECT_VERSION = 1;
				GENERATE_INFOPLIST_FILE = YES;
				MARKETING_VERSION = 1.0;
				PRODUCT_BUNDLE_IDENTIFIER = adiyetyer.SuperheroRandomizerUITests;
				PRODUCT_NAME = "$(TARGET_NAME)";
				SWIFT_EMIT_LOC_STRINGS = NO;
				SWIFT_VERSION = 5.0;
				TARGETED_DEVICE_FAMILY = "1,2";
				TEST_TARGET_NAME = SuperheroRandomizer;
			};
			name = Debug;
		};
		9268EF432CF8E07200C5E209 /* Release */ = {
			isa = XCBuildConfiguration;
			buildSettings = {
				CODE_SIGN_STYLE = Automatic;
				CURRENT_PROJECT_VERSION = 1;
				GENERATE_INFOPLIST_FILE = YES;
				MARKETING_VERSION = 1.0;
				PRODUCT_BUNDLE_IDENTIFIER = adiyetyer.SuperheroRandomizerUITests;
				PRODUCT_NAME = "$(TARGET_NAME)";
				SWIFT_EMIT_LOC_STRINGS = NO;
				SWIFT_VERSION = 5.0;
				TARGETED_DEVICE_FAMILY = "1,2";
				TEST_TARGET_NAME = SuperheroRandomizer;
			};
			name = Release;
		};
/* End XCBuildConfiguration section */

/* Begin XCConfigurationList section */
		9268EF122CF8E07000C5E209 /* Build configuration list for PBXProject "SuperheroRandomizer" */ = {
			isa = XCConfigurationList;
			buildConfigurations = (
				9268EF392CF8E07200C5E209 /* Debug */,
				9268EF3A2CF8E07200C5E209 /* Release */,
			);
			defaultConfigurationIsVisible = 0;
			defaultConfigurationName = Release;
		};
		9268EF3B2CF8E07200C5E209 /* Build configuration list for PBXNativeTarget "SuperheroRandomizer" */ = {
			isa = XCConfigurationList;
			buildConfigurations = (
				9268EF3C2CF8E07200C5E209 /* Debug */,
				9268EF3D2CF8E07200C5E209 /* Release */,
			);
			defaultConfigurationIsVisible = 0;
			defaultConfigurationName = Release;
		};
		9268EF3E2CF8E07200C5E209 /* Build configuration list for PBXNativeTarget "SuperheroRandomizerTests" */ = {
			isa = XCConfigurationList;
			buildConfigurations = (
				9268EF3F2CF8E07200C5E209 /* Debug */,
				9268EF402CF8E07200C5E209 /* Release */,
			);
			defaultConfigurationIsVisible = 0;
			defaultConfigurationName = Release;
		};
		9268EF412CF8E07200C5E209 /* Build configuration list for PBXNativeTarget "SuperheroRandomizerUITests" */ = {
			isa = XCConfigurationList;
			buildConfigurations = (
				9268EF422CF8E07200C5E209 /* Debug */,
				9268EF432CF8E07200C5E209 /* Release */,
			);
			defaultConfigurationIsVisible = 0;
			defaultConfigurationName = Release;
		};
/* End XCConfigurationList section */

/* Begin XCRemoteSwiftPackageReference section */
		9268EF5F2CF92CA300C5E209 /* XCRemoteSwiftPackageReference "Alamofire" */ = {
			isa = XCRemoteSwiftPackageReference;
			repositoryURL = "https://github.com/Alamofire/Alamofire";
			requirement = {
				kind = upToNextMajorVersion;
				minimumVersion = 5.10.2;
			};
		};
		9268EF642CF92CD700C5E209 /* XCRemoteSwiftPackageReference "Kingfisher" */ = {
			isa = XCRemoteSwiftPackageReference;
			repositoryURL = "https://github.com/onevcat/Kingfisher";
			requirement = {
				kind = upToNextMajorVersion;
				minimumVersion = 8.1.1;
			};
		};
/* End XCRemoteSwiftPackageReference section */

/* Begin XCSwiftPackageProductDependency section */
		9268EF602CF92CA300C5E209 /* Alamofire */ = {
			isa = XCSwiftPackageProductDependency;
			package = 9268EF5F2CF92CA300C5E209 /* XCRemoteSwiftPackageReference "Alamofire" */;
			productName = Alamofire;
		};
		9268EF622CF92CA300C5E209 /* AlamofireDynamic */ = {
			isa = XCSwiftPackageProductDependency;
			package = 9268EF5F2CF92CA300C5E209 /* XCRemoteSwiftPackageReference "Alamofire" */;
			productName = AlamofireDynamic;
		};
		9268EF652CF92CD700C5E209 /* Kingfisher */ = {
			isa = XCSwiftPackageProductDependency;
			package = 9268EF642CF92CD700C5E209 /* XCRemoteSwiftPackageReference "Kingfisher" */;
			productName = Kingfisher;
		};
		9268EF6A2CF9318100C5E209 /* Kingfisher */ = {
			isa = XCSwiftPackageProductDependency;
			package = 9268EF642CF92CD700C5E209 /* XCRemoteSwiftPackageReference "Kingfisher" */;
			productName = Kingfisher;
		};
		9268EF6C2CF9319700C5E209 /* Kingfisher */ = {
			isa = XCSwiftPackageProductDependency;
			package = 9268EF642CF92CD700C5E209 /* XCRemoteSwiftPackageReference "Kingfisher" */;
			productName = Kingfisher;
		};
		9268EF6E2CF931A400C5E209 /* Alamofire */ = {
			isa = XCSwiftPackageProductDependency;
			package = 9268EF5F2CF92CA300C5E209 /* XCRemoteSwiftPackageReference "Alamofire" */;
			productName = Alamofire;
		};
		9268EF702CF931B000C5E209 /* Alamofire */ = {
			isa = XCSwiftPackageProductDependency;
			package = 9268EF5F2CF92CA300C5E209 /* XCRemoteSwiftPackageReference "Alamofire" */;
			productName = Alamofire;
		};
		9268EF722CF931BE00C5E209 /* AlamofireDynamic */ = {
			isa = XCSwiftPackageProductDependency;
			package = 9268EF5F2CF92CA300C5E209 /* XCRemoteSwiftPackageReference "Alamofire" */;
			productName = AlamofireDynamic;
		};
		9268EF742CF931D100C5E209 /* AlamofireDynamic */ = {
			isa = XCSwiftPackageProductDependency;
			package = 9268EF5F2CF92CA300C5E209 /* XCRemoteSwiftPackageReference "Alamofire" */;
			productName = AlamofireDynamic;
		};
/* End XCSwiftPackageProductDependency section */
	};
	rootObject = 9268EF0F2CF8E07000C5E209 /* Project object */;
}
