// !$*UTF8*$!
{
	archiveVersion = 1;
	classes = {
	};
	objectVersion = 77;
	objects = {

/* Begin PBXBuildFile section */
		922623AE2CF9369700320B34 /* Alamofire in Frameworks */ = {isa = PBXBuildFile; productRef = 922623AD2CF9369700320B34 /* Alamofire */; };
		922623B02CF9369700320B34 /* AlamofireDynamic in Frameworks */ = {isa = PBXBuildFile; productRef = 922623AF2CF9369700320B34 /* AlamofireDynamic */; };
		922623BB2CF9391A00320B34 /* Kingfisher in Frameworks */ = {isa = PBXBuildFile; productRef = 922623BA2CF9391A00320B34 /* Kingfisher */; };
		922623BD2CF9393300320B34 /* Alamofire in Frameworks */ = {isa = PBXBuildFile; productRef = 922623BC2CF9393300320B34 /* Alamofire */; };
		922623BF2CF9393300320B34 /* AlamofireDynamic in Frameworks */ = {isa = PBXBuildFile; productRef = 922623BE2CF9393300320B34 /* AlamofireDynamic */; };
		922623C02CF9397E00320B34 /* SuperheroViewModel.swift in Sources */ = {isa = PBXBuildFile; fileRef = 922623B92CF938C900320B34 /* SuperheroViewModel.swift */; };
		922623C12CF9398800320B34 /* UIHelpers.swift in Sources */ = {isa = PBXBuildFile; fileRef = 922623B72CF9381500320B34 /* UIHelpers.swift */; };
		922623C22CF9398F00320B34 /* ViewController.swift in Sources */ = {isa = PBXBuildFile; fileRef = 922623B52CF9378600320B34 /* ViewController.swift */; };
		922623C32CF9399600320B34 /* NetworkingManager.swift in Sources */ = {isa = PBXBuildFile; fileRef = 922623B32CF9374900320B34 /* NetworkingManager.swift */; };
		922623C42CF939A100320B34 /* Superhero.swift in Sources */ = {isa = PBXBuildFile; fileRef = 922623AB2CF935F100320B34 /* Superhero.swift */; };
/* End PBXBuildFile section */

/* Begin PBXContainerItemProxy section */
		9226238E2CF935B700320B34 /* PBXContainerItemProxy */ = {
			isa = PBXContainerItemProxy;
			containerPortal = 922623752CF935B500320B34 /* Project object */;
			proxyType = 1;
			remoteGlobalIDString = 9226237C2CF935B500320B34;
			remoteInfo = SuperHero;
		};
		922623982CF935B700320B34 /* PBXContainerItemProxy */ = {
			isa = PBXContainerItemProxy;
			containerPortal = 922623752CF935B500320B34 /* Project object */;
			proxyType = 1;
			remoteGlobalIDString = 9226237C2CF935B500320B34;
			remoteInfo = SuperHero;
		};
/* End PBXContainerItemProxy section */

/* Begin PBXFileReference section */
		9226237D2CF935B500320B34 /* SuperHero.app */ = {isa = PBXFileReference; explicitFileType = wrapper.application; includeInIndex = 0; path = SuperHero.app; sourceTree = BUILT_PRODUCTS_DIR; };
		9226238D2CF935B700320B34 /* SuperHeroTests.xctest */ = {isa = PBXFileReference; explicitFileType = wrapper.cfbundle; includeInIndex = 0; path = SuperHeroTests.xctest; sourceTree = BUILT_PRODUCTS_DIR; };
		922623972CF935B700320B34 /* SuperHeroUITests.xctest */ = {isa = PBXFileReference; explicitFileType = wrapper.cfbundle; includeInIndex = 0; path = SuperHeroUITests.xctest; sourceTree = BUILT_PRODUCTS_DIR; };
		922623AB2CF935F100320B34 /* Superhero.swift */ = {isa = PBXFileReference; lastKnownFileType = sourcecode.swift; path = Superhero.swift; sourceTree = "<group>"; };
		922623B32CF9374900320B34 /* NetworkingManager.swift */ = {isa = PBXFileReference; lastKnownFileType = sourcecode.swift; path = NetworkingManager.swift; sourceTree = "<group>"; };
		922623B52CF9378600320B34 /* ViewController.swift */ = {isa = PBXFileReference; lastKnownFileType = sourcecode.swift; path = ViewController.swift; sourceTree = "<group>"; };
		922623B72CF9381500320B34 /* UIHelpers.swift */ = {isa = PBXFileReference; lastKnownFileType = sourcecode.swift; path = UIHelpers.swift; sourceTree = "<group>"; };
		922623B92CF938C900320B34 /* SuperheroViewModel.swift */ = {isa = PBXFileReference; lastKnownFileType = sourcecode.swift; path = SuperheroViewModel.swift; sourceTree = "<group>"; };
/* End PBXFileReference section */

/* Begin PBXFileSystemSynchronizedRootGroup section */
		9226237F2CF935B500320B34 /* SuperHero */ = {
			isa = PBXFileSystemSynchronizedRootGroup;
			path = SuperHero;
			sourceTree = "<group>";
		};
		922623902CF935B700320B34 /* SuperHeroTests */ = {
			isa = PBXFileSystemSynchronizedRootGroup;
			path = SuperHeroTests;
			sourceTree = "<group>";
		};
		9226239A2CF935B700320B34 /* SuperHeroUITests */ = {
			isa = PBXFileSystemSynchronizedRootGroup;
			path = SuperHeroUITests;
			sourceTree = "<group>";
		};
/* End PBXFileSystemSynchronizedRootGroup section */

/* Begin PBXFrameworksBuildPhase section */
		9226237A2CF935B500320B34 /* Frameworks */ = {
			isa = PBXFrameworksBuildPhase;
			buildActionMask = 2147483647;
			files = (
				922623BB2CF9391A00320B34 /* Kingfisher in Frameworks */,
				922623AE2CF9369700320B34 /* Alamofire in Frameworks */,
				922623B02CF9369700320B34 /* AlamofireDynamic in Frameworks */,
			);
			runOnlyForDeploymentPostprocessing = 0;
		};
		9226238A2CF935B700320B34 /* Frameworks */ = {
			isa = PBXFrameworksBuildPhase;
			buildActionMask = 2147483647;
			files = (
				922623BD2CF9393300320B34 /* Alamofire in Frameworks */,
				922623BF2CF9393300320B34 /* AlamofireDynamic in Frameworks */,
			);
			runOnlyForDeploymentPostprocessing = 0;
		};
		922623942CF935B700320B34 /* Frameworks */ = {
			isa = PBXFrameworksBuildPhase;
			buildActionMask = 2147483647;
			files = (
			);
			runOnlyForDeploymentPostprocessing = 0;
		};
/* End PBXFrameworksBuildPhase section */

/* Begin PBXGroup section */
		922623742CF935B500320B34 = {
			isa = PBXGroup;
			children = (
				922623B82CF938B700320B34 /* ViewModel */,
				922623B62CF9380C00320B34 /* Helpers */,
				922623B42CF9377800320B34 /* View */,
				922623B22CF9374000320B34 /* Networking */,
				922623AA2CF935EC00320B34 /* Models */,
				9226237F2CF935B500320B34 /* SuperHero */,
				922623902CF935B700320B34 /* SuperHeroTests */,
				9226239A2CF935B700320B34 /* SuperHeroUITests */,
				9226237E2CF935B500320B34 /* Products */,
			);
			sourceTree = "<group>";
		};
		9226237E2CF935B500320B34 /* Products */ = {
			isa = PBXGroup;
			children = (
				9226237D2CF935B500320B34 /* SuperHero.app */,
				9226238D2CF935B700320B34 /* SuperHeroTests.xctest */,
				922623972CF935B700320B34 /* SuperHeroUITests.xctest */,
			);
			name = Products;
			sourceTree = "<group>";
		};
		922623AA2CF935EC00320B34 /* Models */ = {
			isa = PBXGroup;
			children = (
				922623AB2CF935F100320B34 /* Superhero.swift */,
			);
			path = Models;
			sourceTree = "<group>";
		};
		922623B22CF9374000320B34 /* Networking */ = {
			isa = PBXGroup;
			children = (
				922623B32CF9374900320B34 /* NetworkingManager.swift */,
			);
			path = Networking;
			sourceTree = "<group>";
		};
		922623B42CF9377800320B34 /* View */ = {
			isa = PBXGroup;
			children = (
				922623B52CF9378600320B34 /* ViewController.swift */,
			);
			path = View;
			sourceTree = "<group>";
		};
		922623B62CF9380C00320B34 /* Helpers */ = {
			isa = PBXGroup;
			children = (
				922623B72CF9381500320B34 /* UIHelpers.swift */,
			);
			path = Helpers;
			sourceTree = "<group>";
		};
		922623B82CF938B700320B34 /* ViewModel */ = {
			isa = PBXGroup;
			children = (
				922623B92CF938C900320B34 /* SuperheroViewModel.swift */,
			);
			path = ViewModel;
			sourceTree = "<group>";
		};
/* End PBXGroup section */

/* Begin PBXNativeTarget section */
		9226237C2CF935B500320B34 /* SuperHero */ = {
			isa = PBXNativeTarget;
			buildConfigurationList = 922623A12CF935B700320B34 /* Build configuration list for PBXNativeTarget "SuperHero" */;
			buildPhases = (
				922623792CF935B500320B34 /* Sources */,
				9226237A2CF935B500320B34 /* Frameworks */,
				9226237B2CF935B500320B34 /* Resources */,
			);
			buildRules = (
			);
			dependencies = (
			);
			fileSystemSynchronizedGroups = (
				9226237F2CF935B500320B34 /* SuperHero */,
			);
			name = SuperHero;
			packageProductDependencies = (
				922623AD2CF9369700320B34 /* Alamofire */,
				922623AF2CF9369700320B34 /* AlamofireDynamic */,
				922623BA2CF9391A00320B34 /* Kingfisher */,
			);
			productName = SuperHero;
			productReference = 9226237D2CF935B500320B34 /* SuperHero.app */;
			productType = "com.apple.product-type.application";
		};
		9226238C2CF935B700320B34 /* SuperHeroTests */ = {
			isa = PBXNativeTarget;
			buildConfigurationList = 922623A42CF935B700320B34 /* Build configuration list for PBXNativeTarget "SuperHeroTests" */;
			buildPhases = (
				922623892CF935B700320B34 /* Sources */,
				9226238A2CF935B700320B34 /* Frameworks */,
				9226238B2CF935B700320B34 /* Resources */,
			);
			buildRules = (
			);
			dependencies = (
				9226238F2CF935B700320B34 /* PBXTargetDependency */,
			);
			fileSystemSynchronizedGroups = (
				922623902CF935B700320B34 /* SuperHeroTests */,
			);
			name = SuperHeroTests;
			packageProductDependencies = (
				922623BC2CF9393300320B34 /* Alamofire */,
				922623BE2CF9393300320B34 /* AlamofireDynamic */,
			);
			productName = SuperHeroTests;
			productReference = 9226238D2CF935B700320B34 /* SuperHeroTests.xctest */;
			productType = "com.apple.product-type.bundle.unit-test";
		};
		922623962CF935B700320B34 /* SuperHeroUITests */ = {
			isa = PBXNativeTarget;
			buildConfigurationList = 922623A72CF935B700320B34 /* Build configuration list for PBXNativeTarget "SuperHeroUITests" */;
			buildPhases = (
				922623932CF935B700320B34 /* Sources */,
				922623942CF935B700320B34 /* Frameworks */,
				922623952CF935B700320B34 /* Resources */,
			);
			buildRules = (
			);
			dependencies = (
				922623992CF935B700320B34 /* PBXTargetDependency */,
			);
			fileSystemSynchronizedGroups = (
				9226239A2CF935B700320B34 /* SuperHeroUITests */,
			);
			name = SuperHeroUITests;
			packageProductDependencies = (
			);
			productName = SuperHeroUITests;
			productReference = 922623972CF935B700320B34 /* SuperHeroUITests.xctest */;
			productType = "com.apple.product-type.bundle.ui-testing";
		};
/* End PBXNativeTarget section */

/* Begin PBXProject section */
		922623752CF935B500320B34 /* Project object */ = {
			isa = PBXProject;
			attributes = {
				BuildIndependentTargetsInParallel = 1;
				LastSwiftUpdateCheck = 1610;
				LastUpgradeCheck = 1610;
				TargetAttributes = {
					9226237C2CF935B500320B34 = {
						CreatedOnToolsVersion = 16.1;
					};
					9226238C2CF935B700320B34 = {
						CreatedOnToolsVersion = 16.1;
						TestTargetID = 9226237C2CF935B500320B34;
					};
					922623962CF935B700320B34 = {
						CreatedOnToolsVersion = 16.1;
						TestTargetID = 9226237C2CF935B500320B34;
					};
				};
			};
			buildConfigurationList = 922623782CF935B500320B34 /* Build configuration list for PBXProject "SuperHero" */;
			developmentRegion = en;
			hasScannedForEncodings = 0;
			knownRegions = (
				en,
				Base,
			);
			mainGroup = 922623742CF935B500320B34;
			minimizedProjectReferenceProxies = 1;
			packageReferences = (
				922623AC2CF9369700320B34 /* XCRemoteSwiftPackageReference "Alamofire" */,
				922623B12CF9372200320B34 /* XCRemoteSwiftPackageReference "Kingfisher" */,
			);
			preferredProjectObjectVersion = 77;
			productRefGroup = 9226237E2CF935B500320B34 /* Products */;
			projectDirPath = "";
			projectRoot = "";
			targets = (
				9226237C2CF935B500320B34 /* SuperHero */,
				9226238C2CF935B700320B34 /* SuperHeroTests */,
				922623962CF935B700320B34 /* SuperHeroUITests */,
			);
		};
/* End PBXProject section */

/* Begin PBXResourcesBuildPhase section */
		9226237B2CF935B500320B34 /* Resources */ = {
			isa = PBXResourcesBuildPhase;
			buildActionMask = 2147483647;
			files = (
			);
			runOnlyForDeploymentPostprocessing = 0;
		};
		9226238B2CF935B700320B34 /* Resources */ = {
			isa = PBXResourcesBuildPhase;
			buildActionMask = 2147483647;
			files = (
			);
			runOnlyForDeploymentPostprocessing = 0;
		};
		922623952CF935B700320B34 /* Resources */ = {
			isa = PBXResourcesBuildPhase;
			buildActionMask = 2147483647;
			files = (
			);
			runOnlyForDeploymentPostprocessing = 0;
		};
/* End PBXResourcesBuildPhase section */

/* Begin PBXSourcesBuildPhase section */
		922623792CF935B500320B34 /* Sources */ = {
			isa = PBXSourcesBuildPhase;
			buildActionMask = 2147483647;
			files = (
				922623C22CF9398F00320B34 /* ViewController.swift in Sources */,
				922623C42CF939A100320B34 /* Superhero.swift in Sources */,
				922623C32CF9399600320B34 /* NetworkingManager.swift in Sources */,
				922623C02CF9397E00320B34 /* SuperheroViewModel.swift in Sources */,
				922623C12CF9398800320B34 /* UIHelpers.swift in Sources */,
			);
			runOnlyForDeploymentPostprocessing = 0;
		};
		922623892CF935B700320B34 /* Sources */ = {
			isa = PBXSourcesBuildPhase;
			buildActionMask = 2147483647;
			files = (
			);
			runOnlyForDeploymentPostprocessing = 0;
		};
		922623932CF935B700320B34 /* Sources */ = {
			isa = PBXSourcesBuildPhase;
			buildActionMask = 2147483647;
			files = (
			);
			runOnlyForDeploymentPostprocessing = 0;
		};
/* End PBXSourcesBuildPhase section */

/* Begin PBXTargetDependency section */
		9226238F2CF935B700320B34 /* PBXTargetDependency */ = {
			isa = PBXTargetDependency;
			target = 9226237C2CF935B500320B34 /* SuperHero */;
			targetProxy = 9226238E2CF935B700320B34 /* PBXContainerItemProxy */;
		};
		922623992CF935B700320B34 /* PBXTargetDependency */ = {
			isa = PBXTargetDependency;
			target = 9226237C2CF935B500320B34 /* SuperHero */;
			targetProxy = 922623982CF935B700320B34 /* PBXContainerItemProxy */;
		};
/* End PBXTargetDependency section */

/* Begin XCBuildConfiguration section */
		9226239F2CF935B700320B34 /* Debug */ = {
			isa = XCBuildConfiguration;
			buildSettings = {
				ALWAYS_SEARCH_USER_PATHS = NO;
				ASSETCATALOG_COMPILER_GENERATE_SWIFT_ASSET_SYMBOL_EXTENSIONS = YES;
				CLANG_ANALYZER_NONNULL = YES;
				CLANG_ANALYZER_NUMBER_OBJECT_CONVERSION = YES_AGGRESSIVE;
				CLANG_CXX_LANGUAGE_STANDARD = "gnu++20";
				CLANG_ENABLE_MODULES = YES;
				CLANG_ENABLE_OBJC_ARC = YES;
				CLANG_ENABLE_OBJC_WEAK = YES;
				CLANG_WARN_BLOCK_CAPTURE_AUTORELEASING = YES;
				CLANG_WARN_BOOL_CONVERSION = YES;
				CLANG_WARN_COMMA = YES;
				CLANG_WARN_CONSTANT_CONVERSION = YES;
				CLANG_WARN_DEPRECATED_OBJC_IMPLEMENTATIONS = YES;
				CLANG_WARN_DIRECT_OBJC_ISA_USAGE = YES_ERROR;
				CLANG_WARN_DOCUMENTATION_COMMENTS = YES;
				CLANG_WARN_EMPTY_BODY = YES;
				CLANG_WARN_ENUM_CONVERSION = YES;
				CLANG_WARN_INFINITE_RECURSION = YES;
				CLANG_WARN_INT_CONVERSION = YES;
				CLANG_WARN_NON_LITERAL_NULL_CONVERSION = YES;
				CLANG_WARN_OBJC_IMPLICIT_RETAIN_SELF = YES;
				CLANG_WARN_OBJC_LITERAL_CONVERSION = YES;
				CLANG_WARN_OBJC_ROOT_CLASS = YES_ERROR;
				CLANG_WARN_QUOTED_INCLUDE_IN_FRAMEWORK_HEADER = YES;
				CLANG_WARN_RANGE_LOOP_ANALYSIS = YES;
				CLANG_WARN_STRICT_PROTOTYPES = YES;
				CLANG_WARN_SUSPICIOUS_MOVE = YES;
				CLANG_WARN_UNGUARDED_AVAILABILITY = YES_AGGRESSIVE;
				CLANG_WARN_UNREACHABLE_CODE = YES;
				CLANG_WARN__DUPLICATE_METHOD_MATCH = YES;
				COPY_PHASE_STRIP = NO;
				DEBUG_INFORMATION_FORMAT = dwarf;
				ENABLE_STRICT_OBJC_MSGSEND = YES;
				ENABLE_TESTABILITY = YES;
				ENABLE_USER_SCRIPT_SANDBOXING = YES;
				GCC_C_LANGUAGE_STANDARD = gnu17;
				GCC_DYNAMIC_NO_PIC = NO;
				GCC_NO_COMMON_BLOCKS = YES;
				GCC_OPTIMIZATION_LEVEL = 0;
				GCC_PREPROCESSOR_DEFINITIONS = (
					"DEBUG=1",
					"$(inherited)",
				);
				GCC_WARN_64_TO_32_BIT_CONVERSION = YES;
				GCC_WARN_ABOUT_RETURN_TYPE = YES_ERROR;
				GCC_WARN_UNDECLARED_SELECTOR = YES;
				GCC_WARN_UNINITIALIZED_AUTOS = YES_AGGRESSIVE;
				GCC_WARN_UNUSED_FUNCTION = YES;
				GCC_WARN_UNUSED_VARIABLE = YES;
				IPHONEOS_DEPLOYMENT_TARGET = 18.1;
				LOCALIZATION_PREFERS_STRING_CATALOGS = YES;
				MTL_ENABLE_DEBUG_INFO = INCLUDE_SOURCE;
				MTL_FAST_MATH = YES;
				ONLY_ACTIVE_ARCH = YES;
				SDKROOT = iphoneos;
				SWIFT_ACTIVE_COMPILATION_CONDITIONS = "DEBUG $(inherited)";
				SWIFT_OPTIMIZATION_LEVEL = "-Onone";
			};
			name = Debug;
		};
		922623A02CF935B700320B34 /* Release */ = {
			isa = XCBuildConfiguration;
			buildSettings = {
				ALWAYS_SEARCH_USER_PATHS = NO;
				ASSETCATALOG_COMPILER_GENERATE_SWIFT_ASSET_SYMBOL_EXTENSIONS = YES;
				CLANG_ANALYZER_NONNULL = YES;
				CLANG_ANALYZER_NUMBER_OBJECT_CONVERSION = YES_AGGRESSIVE;
				CLANG_CXX_LANGUAGE_STANDARD = "gnu++20";
				CLANG_ENABLE_MODULES = YES;
				CLANG_ENABLE_OBJC_ARC = YES;
				CLANG_ENABLE_OBJC_WEAK = YES;
				CLANG_WARN_BLOCK_CAPTURE_AUTORELEASING = YES;
				CLANG_WARN_BOOL_CONVERSION = YES;
				CLANG_WARN_COMMA = YES;
				CLANG_WARN_CONSTANT_CONVERSION = YES;
				CLANG_WARN_DEPRECATED_OBJC_IMPLEMENTATIONS = YES;
				CLANG_WARN_DIRECT_OBJC_ISA_USAGE = YES_ERROR;
				CLANG_WARN_DOCUMENTATION_COMMENTS = YES;
				CLANG_WARN_EMPTY_BODY = YES;
				CLANG_WARN_ENUM_CONVERSION = YES;
				CLANG_WARN_INFINITE_RECURSION = YES;
				CLANG_WARN_INT_CONVERSION = YES;
				CLANG_WARN_NON_LITERAL_NULL_CONVERSION = YES;
				CLANG_WARN_OBJC_IMPLICIT_RETAIN_SELF = YES;
				CLANG_WARN_OBJC_LITERAL_CONVERSION = YES;
				CLANG_WARN_OBJC_ROOT_CLASS = YES_ERROR;
				CLANG_WARN_QUOTED_INCLUDE_IN_FRAMEWORK_HEADER = YES;
				CLANG_WARN_RANGE_LOOP_ANALYSIS = YES;
				CLANG_WARN_STRICT_PROTOTYPES = YES;
				CLANG_WARN_SUSPICIOUS_MOVE = YES;
				CLANG_WARN_UNGUARDED_AVAILABILITY = YES_AGGRESSIVE;
				CLANG_WARN_UNREACHABLE_CODE = YES;
				CLANG_WARN__DUPLICATE_METHOD_MATCH = YES;
				COPY_PHASE_STRIP = NO;
				DEBUG_INFORMATION_FORMAT = "dwarf-with-dsym";
				ENABLE_NS_ASSERTIONS = NO;
				ENABLE_STRICT_OBJC_MSGSEND = YES;
				ENABLE_USER_SCRIPT_SANDBOXING = YES;
				GCC_C_LANGUAGE_STANDARD = gnu17;
				GCC_NO_COMMON_BLOCKS = YES;
				GCC_WARN_64_TO_32_BIT_CONVERSION = YES;
				GCC_WARN_ABOUT_RETURN_TYPE = YES_ERROR;
				GCC_WARN_UNDECLARED_SELECTOR = YES;
				GCC_WARN_UNINITIALIZED_AUTOS = YES_AGGRESSIVE;
				GCC_WARN_UNUSED_FUNCTION = YES;
				GCC_WARN_UNUSED_VARIABLE = YES;
				IPHONEOS_DEPLOYMENT_TARGET = 18.1;
				LOCALIZATION_PREFERS_STRING_CATALOGS = YES;
				MTL_ENABLE_DEBUG_INFO = NO;
				MTL_FAST_MATH = YES;
				SDKROOT = iphoneos;
				SWIFT_COMPILATION_MODE = wholemodule;
				VALIDATE_PRODUCT = YES;
			};
			name = Release;
		};
		922623A22CF935B700320B34 /* Debug */ = {
			isa = XCBuildConfiguration;
			buildSettings = {
				ASSETCATALOG_COMPILER_APPICON_NAME = AppIcon;
				ASSETCATALOG_COMPILER_GLOBAL_ACCENT_COLOR_NAME = AccentColor;
				CODE_SIGN_STYLE = Automatic;
				CURRENT_PROJECT_VERSION = 1;
				DEVELOPMENT_ASSET_PATHS = "\"SuperHero/Preview Content\"";
				ENABLE_PREVIEWS = YES;
				GENERATE_INFOPLIST_FILE = YES;
				INFOPLIST_KEY_UIApplicationSceneManifest_Generation = YES;
				INFOPLIST_KEY_UIApplicationSupportsIndirectInputEvents = YES;
				INFOPLIST_KEY_UILaunchScreen_Generation = YES;
				INFOPLIST_KEY_UISupportedInterfaceOrientations_iPad = "UIInterfaceOrientationPortrait UIInterfaceOrientationPortraitUpsideDown UIInterfaceOrientationLandscapeLeft UIInterfaceOrientationLandscapeRight";
				INFOPLIST_KEY_UISupportedInterfaceOrientations_iPhone = "UIInterfaceOrientationPortrait UIInterfaceOrientationLandscapeLeft UIInterfaceOrientationLandscapeRight";
				LD_RUNPATH_SEARCH_PATHS = (
					"$(inherited)",
					"@executable_path/Frameworks",
				);
				MARKETING_VERSION = 1.0;
				PRODUCT_BUNDLE_IDENTIFIER = adiyetyer.SuperHero;
				PRODUCT_NAME = "$(TARGET_NAME)";
				SWIFT_EMIT_LOC_STRINGS = YES;
				SWIFT_VERSION = 5.0;
				TARGETED_DEVICE_FAMILY = "1,2";
			};
			name = Debug;
		};
		922623A32CF935B700320B34 /* Release */ = {
			isa = XCBuildConfiguration;
			buildSettings = {
				ASSETCATALOG_COMPILER_APPICON_NAME = AppIcon;
				ASSETCATALOG_COMPILER_GLOBAL_ACCENT_COLOR_NAME = AccentColor;
				CODE_SIGN_STYLE = Automatic;
				CURRENT_PROJECT_VERSION = 1;
				DEVELOPMENT_ASSET_PATHS = "\"SuperHero/Preview Content\"";
				ENABLE_PREVIEWS = YES;
				GENERATE_INFOPLIST_FILE = YES;
				INFOPLIST_KEY_UIApplicationSceneManifest_Generation = YES;
				INFOPLIST_KEY_UIApplicationSupportsIndirectInputEvents = YES;
				INFOPLIST_KEY_UILaunchScreen_Generation = YES;
				INFOPLIST_KEY_UISupportedInterfaceOrientations_iPad = "UIInterfaceOrientationPortrait UIInterfaceOrientationPortraitUpsideDown UIInterfaceOrientationLandscapeLeft UIInterfaceOrientationLandscapeRight";
				INFOPLIST_KEY_UISupportedInterfaceOrientations_iPhone = "UIInterfaceOrientationPortrait UIInterfaceOrientationLandscapeLeft UIInterfaceOrientationLandscapeRight";
				LD_RUNPATH_SEARCH_PATHS = (
					"$(inherited)",
					"@executable_path/Frameworks",
				);
				MARKETING_VERSION = 1.0;
				PRODUCT_BUNDLE_IDENTIFIER = adiyetyer.SuperHero;
				PRODUCT_NAME = "$(TARGET_NAME)";
				SWIFT_EMIT_LOC_STRINGS = YES;
				SWIFT_VERSION = 5.0;
				TARGETED_DEVICE_FAMILY = "1,2";
			};
			name = Release;
		};
		922623A52CF935B700320B34 /* Debug */ = {
			isa = XCBuildConfiguration;
			buildSettings = {
				BUNDLE_LOADER = "$(TEST_HOST)";
				CODE_SIGN_STYLE = Automatic;
				CURRENT_PROJECT_VERSION = 1;
				GENERATE_INFOPLIST_FILE = YES;
				IPHONEOS_DEPLOYMENT_TARGET = 18.1;
				MARKETING_VERSION = 1.0;
				PRODUCT_BUNDLE_IDENTIFIER = adiyetyer.SuperHeroTests;
				PRODUCT_NAME = "$(TARGET_NAME)";
				SWIFT_EMIT_LOC_STRINGS = NO;
				SWIFT_VERSION = 5.0;
				TARGETED_DEVICE_FAMILY = "1,2";
				TEST_HOST = "$(BUILT_PRODUCTS_DIR)/SuperHero.app/$(BUNDLE_EXECUTABLE_FOLDER_PATH)/SuperHero";
			};
			name = Debug;
		};
		922623A62CF935B700320B34 /* Release */ = {
			isa = XCBuildConfiguration;
			buildSettings = {
				BUNDLE_LOADER = "$(TEST_HOST)";
				CODE_SIGN_STYLE = Automatic;
				CURRENT_PROJECT_VERSION = 1;
				GENERATE_INFOPLIST_FILE = YES;
				IPHONEOS_DEPLOYMENT_TARGET = 18.1;
				MARKETING_VERSION = 1.0;
				PRODUCT_BUNDLE_IDENTIFIER = adiyetyer.SuperHeroTests;
				PRODUCT_NAME = "$(TARGET_NAME)";
				SWIFT_EMIT_LOC_STRINGS = NO;
				SWIFT_VERSION = 5.0;
				TARGETED_DEVICE_FAMILY = "1,2";
				TEST_HOST = "$(BUILT_PRODUCTS_DIR)/SuperHero.app/$(BUNDLE_EXECUTABLE_FOLDER_PATH)/SuperHero";
			};
			name = Release;
		};
		922623A82CF935B700320B34 /* Debug */ = {
			isa = XCBuildConfiguration;
			buildSettings = {
				CODE_SIGN_STYLE = Automatic;
				CURRENT_PROJECT_VERSION = 1;
				GENERATE_INFOPLIST_FILE = YES;
				MARKETING_VERSION = 1.0;
				PRODUCT_BUNDLE_IDENTIFIER = adiyetyer.SuperHeroUITests;
				PRODUCT_NAME = "$(TARGET_NAME)";
				SWIFT_EMIT_LOC_STRINGS = NO;
				SWIFT_VERSION = 5.0;
				TARGETED_DEVICE_FAMILY = "1,2";
				TEST_TARGET_NAME = SuperHero;
			};
			name = Debug;
		};
		922623A92CF935B700320B34 /* Release */ = {
			isa = XCBuildConfiguration;
			buildSettings = {
				CODE_SIGN_STYLE = Automatic;
				CURRENT_PROJECT_VERSION = 1;
				GENERATE_INFOPLIST_FILE = YES;
				MARKETING_VERSION = 1.0;
				PRODUCT_BUNDLE_IDENTIFIER = adiyetyer.SuperHeroUITests;
				PRODUCT_NAME = "$(TARGET_NAME)";
				SWIFT_EMIT_LOC_STRINGS = NO;
				SWIFT_VERSION = 5.0;
				TARGETED_DEVICE_FAMILY = "1,2";
				TEST_TARGET_NAME = SuperHero;
			};
			name = Release;
		};
/* End XCBuildConfiguration section */

/* Begin XCConfigurationList section */
		922623782CF935B500320B34 /* Build configuration list for PBXProject "SuperHero" */ = {
			isa = XCConfigurationList;
			buildConfigurations = (
				9226239F2CF935B700320B34 /* Debug */,
				922623A02CF935B700320B34 /* Release */,
			);
			defaultConfigurationIsVisible = 0;
			defaultConfigurationName = Release;
		};
		922623A12CF935B700320B34 /* Build configuration list for PBXNativeTarget "SuperHero" */ = {
			isa = XCConfigurationList;
			buildConfigurations = (
				922623A22CF935B700320B34 /* Debug */,
				922623A32CF935B700320B34 /* Release */,
			);
			defaultConfigurationIsVisible = 0;
			defaultConfigurationName = Release;
		};
		922623A42CF935B700320B34 /* Build configuration list for PBXNativeTarget "SuperHeroTests" */ = {
			isa = XCConfigurationList;
			buildConfigurations = (
				922623A52CF935B700320B34 /* Debug */,
				922623A62CF935B700320B34 /* Release */,
			);
			defaultConfigurationIsVisible = 0;
			defaultConfigurationName = Release;
		};
		922623A72CF935B700320B34 /* Build configuration list for PBXNativeTarget "SuperHeroUITests" */ = {
			isa = XCConfigurationList;
			buildConfigurations = (
				922623A82CF935B700320B34 /* Debug */,
				922623A92CF935B700320B34 /* Release */,
			);
			defaultConfigurationIsVisible = 0;
			defaultConfigurationName = Release;
		};
/* End XCConfigurationList section */

/* Begin XCRemoteSwiftPackageReference section */
		922623AC2CF9369700320B34 /* XCRemoteSwiftPackageReference "Alamofire" */ = {
			isa = XCRemoteSwiftPackageReference;
			repositoryURL = "https://github.com/Alamofire/Alamofire";
			requirement = {
				kind = upToNextMajorVersion;
				minimumVersion = 5.10.2;
			};
		};
		922623B12CF9372200320B34 /* XCRemoteSwiftPackageReference "Kingfisher" */ = {
			isa = XCRemoteSwiftPackageReference;
			repositoryURL = "https://github.com/onevcat/Kingfisher";
			requirement = {
				kind = upToNextMajorVersion;
				minimumVersion = 8.1.1;
			};
		};
/* End XCRemoteSwiftPackageReference section */

/* Begin XCSwiftPackageProductDependency section */
		922623AD2CF9369700320B34 /* Alamofire */ = {
			isa = XCSwiftPackageProductDependency;
			package = 922623AC2CF9369700320B34 /* XCRemoteSwiftPackageReference "Alamofire" */;
			productName = Alamofire;
		};
		922623AF2CF9369700320B34 /* AlamofireDynamic */ = {
			isa = XCSwiftPackageProductDependency;
			package = 922623AC2CF9369700320B34 /* XCRemoteSwiftPackageReference "Alamofire" */;
			productName = AlamofireDynamic;
		};
		922623BA2CF9391A00320B34 /* Kingfisher */ = {
			isa = XCSwiftPackageProductDependency;
			package = 922623B12CF9372200320B34 /* XCRemoteSwiftPackageReference "Kingfisher" */;
			productName = Kingfisher;
		};
		922623BC2CF9393300320B34 /* Alamofire */ = {
			isa = XCSwiftPackageProductDependency;
			package = 922623AC2CF9369700320B34 /* XCRemoteSwiftPackageReference "Alamofire" */;
			productName = Alamofire;
		};
		922623BE2CF9393300320B34 /* AlamofireDynamic */ = {
			isa = XCSwiftPackageProductDependency;
			package = 922623AC2CF9369700320B34 /* XCRemoteSwiftPackageReference "Alamofire" */;
			productName = AlamofireDynamic;
		};
/* End XCSwiftPackageProductDependency section */
	};
	rootObject = 922623752CF935B500320B34 /* Project object */;
}
